
Microsoft Visual Studio Solution File, Format Version 11.00
# Visual Studio 2010
Project("{F14B399A-7131-4C87-9E4B-1186C45EF12D}") = "Live Reporting", "Report Project1\Live Reporting.rptproj", "{881CF64A-33EE-4466-A959-D2510262A7F0}"
EndProject
Global
	GlobalSection(TeamFoundationVersionControl) = preSolution
		SccNumberOfProjects = 1
		SccEnterpriseProvider = {4CA58AB2-18FA-4F8D-95D4-32DDF27D184C}
		SccTeamFoundationServer = http://tfserver.cartoys.corp:8080/tfs/defaultcollection
		SccLocalPath0 = .
	EndGlobalSection
	GlobalSection(SolutionConfigurationPlatforms) = preSolution
		Debug|Default = Debug|Default
		DebugLocal|Default = DebugLocal|Default
		Release|Default = Release|Default
	EndGlobalSection
	GlobalSection(ProjectConfigurationPlatforms) = postSolution
		{881CF64A-33EE-4466-A959-D2510262A7F0}.Debug|Default.ActiveCfg = Debug
		{881CF64A-33EE-4466-A959-D2510262A7F0}.Debug|Default.Build.0 = DebugLocal
		{881CF64A-33EE-4466-A959-D2510262A7F0}.Debug|Default.Deploy.0 = DebugLocal
		{881CF64A-33EE-4466-A959-D2510262A7F0}.DebugLocal|Default.ActiveCfg = DebugLocal
		{881CF64A-33EE-4466-A959-D2510262A7F0}.DebugLocal|Default.Build.0 = DebugLocal
		{881CF64A-33EE-4466-A959-D2510262A7F0}.Release|Default.ActiveCfg = Release
		{881CF64A-33EE-4466-A959-D2510262A7F0}.Release|Default.Build.0 = Release
		{881CF64A-33EE-4466-A959-D2510262A7F0}.Release|Default.Deploy.0 = Release
	EndGlobalSection
	GlobalSection(SolutionProperties) = preSolution
		HideSolutionNode = FALSE
	EndGlobalSection
EndGlobal
