
Microsoft Visual Studio Solution File, Format Version 11.00
# Visual Studio 2010
Project("{F14B399A-7131-4C87-9E4B-1186C45EF12D}") = "PhonesPD", "PhonesPD.rptproj", "{B6E51F14-9901-4AB8-8301-48B7CCA99303}"
EndProject
Global
	GlobalSection(TeamFoundationVersionControl) = preSolution
		SccNumberOfProjects = 2
		SccEnterpriseProvider = {4CA58AB2-18FA-4F8D-95D4-32DDF27D184C}
		SccTeamFoundationServer = http://tfserver.cartoys.corp:8080/tfs/defaultcollection
		SccLocalPath0 = .
		SccProjectUniqueName1 = PhonesPD.rptproj
		SccLocalPath1 = .
	EndGlobalSection
	GlobalSection(SolutionConfigurationPlatforms) = preSolution
		Debug|Default = Debug|Default
		DebugLocal|Default = DebugLocal|Default
		Release|Default = Release|Default
	EndGlobalSection
	GlobalSection(ProjectConfigurationPlatforms) = postSolution
		{B6E51F14-9901-4AB8-8301-48B7CCA99303}.Debug|Default.ActiveCfg = Debug
		{B6E51F14-9901-4AB8-8301-48B7CCA99303}.Debug|Default.Build.0 = DebugLocal
		{B6E51F14-9901-4AB8-8301-48B7CCA99303}.Debug|Default.Deploy.0 = DebugLocal
		{B6E51F14-9901-4AB8-8301-48B7CCA99303}.DebugLocal|Default.ActiveCfg = DebugLocal
		{B6E51F14-9901-4AB8-8301-48B7CCA99303}.DebugLocal|Default.Build.0 = DebugLocal
		{B6E51F14-9901-4AB8-8301-48B7CCA99303}.Release|Default.ActiveCfg = Release
		{B6E51F14-9901-4AB8-8301-48B7CCA99303}.Release|Default.Build.0 = Release
		{B6E51F14-9901-4AB8-8301-48B7CCA99303}.Release|Default.Deploy.0 = Release
	EndGlobalSection
	GlobalSection(SolutionProperties) = preSolution
		HideSolutionNode = FALSE
	EndGlobalSection
EndGlobal
