
Microsoft Visual Studio Solution File, Format Version 11.00
# Visual Studio 2010
Project("{F14B399A-7131-4C87-9E4B-1186C45EF12D}") = "WD-Costco", "WD-Costco.rptproj", "{C328F7C6-9831-42BA-97DF-A079A6576ACD}"
EndProject
Global
	GlobalSection(TeamFoundationVersionControl) = preSolution
		SccNumberOfProjects = 2
		SccEnterpriseProvider = {4CA58AB2-18FA-4F8D-95D4-32DDF27D184C}
		SccTeamFoundationServer = http://tfserver.cartoys.corp:8080/tfs/defaultcollection
		SccLocalPath0 = .
		SccProjectUniqueName1 = WD-Costco.rptproj
		SccLocalPath1 = .
	EndGlobalSection
	GlobalSection(SolutionConfigurationPlatforms) = preSolution
		Debug|Default = Debug|Default
		DebugLocal|Default = DebugLocal|Default
		Release|Default = Release|Default
	EndGlobalSection
	GlobalSection(ProjectConfigurationPlatforms) = postSolution
		{C328F7C6-9831-42BA-97DF-A079A6576ACD}.Debug|Default.ActiveCfg = Debug
		{C328F7C6-9831-42BA-97DF-A079A6576ACD}.Debug|Default.Build.0 = DebugLocal
		{C328F7C6-9831-42BA-97DF-A079A6576ACD}.Debug|Default.Deploy.0 = DebugLocal
		{C328F7C6-9831-42BA-97DF-A079A6576ACD}.DebugLocal|Default.ActiveCfg = DebugLocal
		{C328F7C6-9831-42BA-97DF-A079A6576ACD}.DebugLocal|Default.Build.0 = DebugLocal
		{C328F7C6-9831-42BA-97DF-A079A6576ACD}.Release|Default.ActiveCfg = Release
		{C328F7C6-9831-42BA-97DF-A079A6576ACD}.Release|Default.Build.0 = Release
		{C328F7C6-9831-42BA-97DF-A079A6576ACD}.Release|Default.Deploy.0 = Release
	EndGlobalSection
	GlobalSection(SolutionProperties) = preSolution
		HideSolutionNode = FALSE
	EndGlobalSection
EndGlobal
