
Microsoft Visual Studio Solution File, Format Version 10.00
# Visual Studio 2008
Project("{D183A3D8-5FD8-494B-B014-37F57B35E655}") = "ImportNewSOCs", "ImportNewSOCs\ImportNewSOCs.dtproj", "{43271F73-27F4-4435-AA43-D5C1BA3C71FE}"
EndProject
Global
	GlobalSection(TeamFoundationVersionControl) = preSolution
		SccNumberOfProjects = 2
		SccEnterpriseProvider = {4CA58AB2-18FA-4F8D-95D4-32DDF27D184C}
		SccTeamFoundationServer = http://tfserver.cartoys.corp:8080/tfs
		SccLocalPath0 = .
		SccProjectUniqueName1 = ImportNewSOCs\\ImportNewSOCs.dtproj
		SccProjectName1 = ImportNewSOCs
		SccLocalPath1 = ImportNewSOCs
	EndGlobalSection
	GlobalSection(SolutionConfigurationPlatforms) = preSolution
		Development|Default = Development|Default
	EndGlobalSection
	GlobalSection(ProjectConfigurationPlatforms) = postSolution
		{43271F73-27F4-4435-AA43-D5C1BA3C71FE}.Development|Default.ActiveCfg = Development
		{43271F73-27F4-4435-AA43-D5C1BA3C71FE}.Development|Default.Build.0 = Development
	EndGlobalSection
	GlobalSection(SolutionProperties) = preSolution
		HideSolutionNode = FALSE
	EndGlobalSection
EndGlobal
