
Microsoft Visual Studio Solution File, Format Version 11.00
# Visual Studio 2010
Project("{F14B399A-7131-4C87-9E4B-1186C45EF12D}") = "DailyNUmbers", "DailyNUmbers\DailyNUmbers.rptproj", "{363067D6-741D-4D85-B9AE-1B29BE748C19}"
EndProject
Global
	GlobalSection(TeamFoundationVersionControl) = preSolution
		SccNumberOfProjects = 2
		SccEnterpriseProvider = {4CA58AB2-18FA-4F8D-95D4-32DDF27D184C}
		SccTeamFoundationServer = http://tfserver.cartoys.corp:8080/tfs/defaultcollection
		SccLocalPath0 = .
		SccProjectUniqueName1 = DailyNUmbers\\DailyNUmbers.rptproj
		SccProjectName1 = DailyNUmbers
		SccLocalPath1 = DailyNUmbers
	EndGlobalSection
	GlobalSection(SolutionConfigurationPlatforms) = preSolution
		Debug|Default = Debug|Default
		DebugLocal|Default = DebugLocal|Default
		Release|Default = Release|Default
	EndGlobalSection
	GlobalSection(ProjectConfigurationPlatforms) = postSolution
		{363067D6-741D-4D85-B9AE-1B29BE748C19}.Debug|Default.ActiveCfg = Debug
		{363067D6-741D-4D85-B9AE-1B29BE748C19}.Debug|Default.Build.0 = DebugLocal
		{363067D6-741D-4D85-B9AE-1B29BE748C19}.Debug|Default.Deploy.0 = DebugLocal
		{363067D6-741D-4D85-B9AE-1B29BE748C19}.DebugLocal|Default.ActiveCfg = DebugLocal
		{363067D6-741D-4D85-B9AE-1B29BE748C19}.DebugLocal|Default.Build.0 = DebugLocal
		{363067D6-741D-4D85-B9AE-1B29BE748C19}.Release|Default.ActiveCfg = Release
		{363067D6-741D-4D85-B9AE-1B29BE748C19}.Release|Default.Build.0 = Release
		{363067D6-741D-4D85-B9AE-1B29BE748C19}.Release|Default.Deploy.0 = Release
	EndGlobalSection
	GlobalSection(SolutionProperties) = preSolution
		HideSolutionNode = FALSE
	EndGlobalSection
EndGlobal
