
Microsoft Visual Studio Solution File, Format Version 10.00
# Visual Studio 2008
Project("{F14B399A-7131-4C87-9E4B-1186C45EF12D}") = "Inventory Location Codes", "Inventory Location Codes\Inventory Location Codes.rptproj", "{91E9119E-A6C1-4969-8EC0-03BE819F5EA4}"
EndProject
Global
	GlobalSection(SolutionConfigurationPlatforms) = preSolution
		Debug|Default = Debug|Default
		DebugLocal|Default = DebugLocal|Default
		Release|Default = Release|Default
	EndGlobalSection
	GlobalSection(ProjectConfigurationPlatforms) = postSolution
		{91E9119E-A6C1-4969-8EC0-03BE819F5EA4}.Debug|Default.ActiveCfg = Debug
		{91E9119E-A6C1-4969-8EC0-03BE819F5EA4}.Debug|Default.Build.0 = DebugLocal
		{91E9119E-A6C1-4969-8EC0-03BE819F5EA4}.Debug|Default.Deploy.0 = DebugLocal
		{91E9119E-A6C1-4969-8EC0-03BE819F5EA4}.DebugLocal|Default.ActiveCfg = DebugLocal
		{91E9119E-A6C1-4969-8EC0-03BE819F5EA4}.DebugLocal|Default.Build.0 = DebugLocal
		{91E9119E-A6C1-4969-8EC0-03BE819F5EA4}.Release|Default.ActiveCfg = Release
		{91E9119E-A6C1-4969-8EC0-03BE819F5EA4}.Release|Default.Build.0 = Release
		{91E9119E-A6C1-4969-8EC0-03BE819F5EA4}.Release|Default.Deploy.0 = Release
	EndGlobalSection
	GlobalSection(SolutionProperties) = preSolution
		HideSolutionNode = FALSE
	EndGlobalSection
EndGlobal
