
Microsoft Visual Studio Solution File, Format Version 11.00
# Visual Studio 2010
Project("{F14B399A-7131-4C87-9E4B-1186C45EF12D}") = "RTR", "RTR.rptproj", "{4E6F3265-D1B6-47A0-9915-CDC556836A39}"
EndProject
Global
	GlobalSection(TeamFoundationVersionControl) = preSolution
		SccNumberOfProjects = 2
		SccEnterpriseProvider = {4CA58AB2-18FA-4F8D-95D4-32DDF27D184C}
		SccTeamFoundationServer = http://tfserver.cartoys.corp:8080/tfs/defaultcollection
		SccLocalPath0 = .
		SccProjectUniqueName1 = RTR.rptproj
		SccLocalPath1 = .
	EndGlobalSection
	GlobalSection(SolutionConfigurationPlatforms) = preSolution
		Debug|Default = Debug|Default
		DebugLocal|Default = DebugLocal|Default
		Release|Default = Release|Default
	EndGlobalSection
	GlobalSection(ProjectConfigurationPlatforms) = postSolution
		{4E6F3265-D1B6-47A0-9915-CDC556836A39}.Debug|Default.ActiveCfg = Debug
		{4E6F3265-D1B6-47A0-9915-CDC556836A39}.Debug|Default.Build.0 = DebugLocal
		{4E6F3265-D1B6-47A0-9915-CDC556836A39}.Debug|Default.Deploy.0 = DebugLocal
		{4E6F3265-D1B6-47A0-9915-CDC556836A39}.DebugLocal|Default.ActiveCfg = DebugLocal
		{4E6F3265-D1B6-47A0-9915-CDC556836A39}.DebugLocal|Default.Build.0 = DebugLocal
		{4E6F3265-D1B6-47A0-9915-CDC556836A39}.Release|Default.ActiveCfg = Release
		{4E6F3265-D1B6-47A0-9915-CDC556836A39}.Release|Default.Build.0 = Release
		{4E6F3265-D1B6-47A0-9915-CDC556836A39}.Release|Default.Deploy.0 = Release
	EndGlobalSection
	GlobalSection(SolutionProperties) = preSolution
		HideSolutionNode = FALSE
	EndGlobalSection
EndGlobal
