
Microsoft Visual Studio Solution File, Format Version 11.00
# Visual Studio 2010
Project("{2150E333-8FDC-42A3-9474-1A3956D46DE8}") = "Available Stock for Accessories", "Available Stock for Accessories", "{D1596887-4AA9-4CB1-BD8C-D655AB04AD56}"
EndProject
Project("{F14B399A-7131-4C87-9E4B-1186C45EF12D}") = "Accessory Stock Report", "Accessory Stock Report\Accessory Stock Report.rptproj", "{6132A5AE-FD1A-4969-A383-3BB649E5D05B}"
EndProject
Global
	GlobalSection(TeamFoundationVersionControl) = preSolution
		SccNumberOfProjects = 2
		SccEnterpriseProvider = {4CA58AB2-18FA-4F8D-95D4-32DDF27D184C}
		SccTeamFoundationServer = http://tfserver.cartoys.corp:8080/tfs/defaultcollection
		SccLocalPath0 = .
		SccProjectUniqueName1 = Accessory\u0020Stock\u0020Report\\Accessory\u0020Stock\u0020Report.rptproj
		SccProjectTopLevelParentUniqueName1 = Available\u0020Stock\u0020for\u0020Accessories.sln
		SccProjectName1 = Accessory\u0020Stock\u0020Report
		SccLocalPath1 = Accessory\u0020Stock\u0020Report
	EndGlobalSection
	GlobalSection(SolutionConfigurationPlatforms) = preSolution
		Debug|Default = Debug|Default
		DebugLocal|Default = DebugLocal|Default
		Release|Default = Release|Default
	EndGlobalSection
	GlobalSection(ProjectConfigurationPlatforms) = postSolution
		{6132A5AE-FD1A-4969-A383-3BB649E5D05B}.Debug|Default.ActiveCfg = Debug
		{6132A5AE-FD1A-4969-A383-3BB649E5D05B}.Debug|Default.Build.0 = DebugLocal
		{6132A5AE-FD1A-4969-A383-3BB649E5D05B}.Debug|Default.Deploy.0 = DebugLocal
		{6132A5AE-FD1A-4969-A383-3BB649E5D05B}.DebugLocal|Default.ActiveCfg = DebugLocal
		{6132A5AE-FD1A-4969-A383-3BB649E5D05B}.DebugLocal|Default.Build.0 = DebugLocal
		{6132A5AE-FD1A-4969-A383-3BB649E5D05B}.Release|Default.ActiveCfg = Release
		{6132A5AE-FD1A-4969-A383-3BB649E5D05B}.Release|Default.Build.0 = Release
		{6132A5AE-FD1A-4969-A383-3BB649E5D05B}.Release|Default.Deploy.0 = Release
	EndGlobalSection
	GlobalSection(SolutionProperties) = preSolution
		HideSolutionNode = FALSE
	EndGlobalSection
	GlobalSection(NestedProjects) = preSolution
		{6132A5AE-FD1A-4969-A383-3BB649E5D05B} = {D1596887-4AA9-4CB1-BD8C-D655AB04AD56}
	EndGlobalSection
EndGlobal
