
Microsoft Visual Studio Solution File, Format Version 11.00
# Visual Studio 2010
Project("{F14B399A-7131-4C87-9E4B-1186C45EF12D}") = "DevicePerBase", "DevicePerBase\DevicePerBase.rptproj", "{389B3C3A-D502-45C7-9A86-A67446D4934E}"
EndProject
Global
	GlobalSection(TeamFoundationVersionControl) = preSolution
		SccNumberOfProjects = 1
		SccEnterpriseProvider = {4CA58AB2-18FA-4F8D-95D4-32DDF27D184C}
		SccTeamFoundationServer = http://tfserver.cartoys.corp:8080/tfs/defaultcollection
		SccLocalPath0 = .
	EndGlobalSection
	GlobalSection(SolutionConfigurationPlatforms) = preSolution
		Debug|Default = Debug|Default
		DebugLocal|Default = DebugLocal|Default
		Release|Default = Release|Default
	EndGlobalSection
	GlobalSection(ProjectConfigurationPlatforms) = postSolution
		{389B3C3A-D502-45C7-9A86-A67446D4934E}.Debug|Default.ActiveCfg = Debug
		{389B3C3A-D502-45C7-9A86-A67446D4934E}.Debug|Default.Build.0 = DebugLocal
		{389B3C3A-D502-45C7-9A86-A67446D4934E}.Debug|Default.Deploy.0 = DebugLocal
		{389B3C3A-D502-45C7-9A86-A67446D4934E}.DebugLocal|Default.ActiveCfg = DebugLocal
		{389B3C3A-D502-45C7-9A86-A67446D4934E}.DebugLocal|Default.Build.0 = DebugLocal
		{389B3C3A-D502-45C7-9A86-A67446D4934E}.Release|Default.ActiveCfg = Release
		{389B3C3A-D502-45C7-9A86-A67446D4934E}.Release|Default.Build.0 = Release
		{389B3C3A-D502-45C7-9A86-A67446D4934E}.Release|Default.Deploy.0 = Release
	EndGlobalSection
	GlobalSection(SolutionProperties) = preSolution
		HideSolutionNode = FALSE
	EndGlobalSection
EndGlobal
