
Microsoft Visual Studio Solution File, Format Version 12.00
# Visual Studio 2013
VisualStudioVersion = 12.0.21005.1
MinimumVisualStudioVersion = 10.0.40219.1
Project("{F14B399A-7131-4C87-9E4B-1186C45EF12D}") = "CTRTMO", "CTRTMO.rptproj", "{DDF055DD-FA72-47C8-90A7-D4597CC63F01}"
EndProject
Global
	GlobalSection(TeamFoundationVersionControl) = preSolution
		SccNumberOfProjects = 2
		SccEnterpriseProvider = {4CA58AB2-18FA-4F8D-95D4-32DDF27D184C}
		SccTeamFoundationServer = http://tfserver:8080/tfs/defaultcollection
		SccLocalPath0 = .
		SccProjectUniqueName1 = CTRTMO.rptproj
		SccLocalPath1 = .
	EndGlobalSection
	GlobalSection(SolutionConfigurationPlatforms) = preSolution
		Debug|Default = Debug|Default
		DebugLocal|Default = DebugLocal|Default
		Release|Default = Release|Default
	EndGlobalSection
	GlobalSection(ProjectConfigurationPlatforms) = postSolution
		{DDF055DD-FA72-47C8-90A7-D4597CC63F01}.Debug|Default.ActiveCfg = Debug
		{DDF055DD-FA72-47C8-90A7-D4597CC63F01}.Debug|Default.Build.0 = Debug
		{DDF055DD-FA72-47C8-90A7-D4597CC63F01}.Debug|Default.Deploy.0 = Debug
		{DDF055DD-FA72-47C8-90A7-D4597CC63F01}.DebugLocal|Default.ActiveCfg = DebugLocal
		{DDF055DD-FA72-47C8-90A7-D4597CC63F01}.DebugLocal|Default.Build.0 = DebugLocal
		{DDF055DD-FA72-47C8-90A7-D4597CC63F01}.Release|Default.ActiveCfg = Release
		{DDF055DD-FA72-47C8-90A7-D4597CC63F01}.Release|Default.Build.0 = Release
		{DDF055DD-FA72-47C8-90A7-D4597CC63F01}.Release|Default.Deploy.0 = Release
	EndGlobalSection
	GlobalSection(SolutionProperties) = preSolution
		HideSolutionNode = FALSE
	EndGlobalSection
EndGlobal
