
Microsoft Visual Studio Solution File, Format Version 12.00
# Visual Studio 2013
VisualStudioVersion = 12.0.31101.0
MinimumVisualStudioVersion = 10.0.40219.1
Project("{FAE04EC0-301F-11D3-BF4B-00C04F79EFBC}") = "AllPagesPagemaster", "Pagemaster\Dashboard - All Pages\AllPagesPagemaster\AllPagesCostco\AllPagesPagemaster.csproj", "{79CE55FA-60E1-4CFD-A7F1-98E2CC59260A}"
EndProject
Project("{FAE04EC0-301F-11D3-BF4B-00C04F79EFBC}") = "Campaign", "Pagemaster\Dashboard - Campaign\AllPagesCostco\Campaign.csproj", "{1A312682-04AE-4619-B013-1E761F5EF89E}"
EndProject
Project("{FAE04EC0-301F-11D3-BF4B-00C04F79EFBC}") = "Events", "Pagemaster\Dashboard - Events\AllPagesCostco\Events.csproj", "{9E17F5AB-9F65-4AA7-A368-565E0EDCC82E}"
EndProject
Project("{FAE04EC0-301F-11D3-BF4B-00C04F79EFBC}") = "BrowserOSGen", "Pagemaster\Dashboard - General Browser and OS\SearchTerms\AllPagesCostco\BrowserOSGen.csproj", "{0AE3817F-5790-4923-B2C3-0FABCB173975}"
EndProject
Project("{FAE04EC0-301F-11D3-BF4B-00C04F79EFBC}") = "MenuBehavior", "Pagemaster\Dashboard - Menu Behavior\SearchTerms\AllPagesCostco\MenuBehavior.csproj", "{FD22F16E-3D85-49C3-BFE5-BBCA5733C4B9}"
EndProject
Project("{FAE04EC0-301F-11D3-BF4B-00C04F79EFBC}") = "SearchTerms", "Pagemaster\Dashboard - Search Terms\SearchTerms\AllPagesCostco\SearchTerms.csproj", "{07785AF9-9BFA-48DB-BFE0-57E0E823AAB5}"
EndProject
Project("{FAE04EC0-301F-11D3-BF4B-00C04F79EFBC}") = "Dashboard", "Pagemaster\Dashboard - TodayTraffic\Dashboard.csproj", "{AECC3DFD-EAF9-4D22-AB62-9ED954C48E32}"
EndProject
Global
	GlobalSection(TeamFoundationVersionControl) = preSolution
		SccNumberOfProjects = 7
		SccEnterpriseProvider = {4CA58AB2-18FA-4F8D-95D4-32DDF27D184C}
		SccTeamFoundationServer = http://tfserver:8080/tfs/defaultcollection
		SccProjectUniqueName0 = Pagemaster\\Dashboard\u0020-\u0020All\u0020Pages\\AllPagesPagemaster\\AllPagesCostco\\AllPagesPagemaster.csproj
		SccProjectName0 = Pagemaster/Dashboard\u0020-\u0020All\u0020Pages/AllPagesPagemaster/AllPagesCostco
		SccAuxPath0 = http://tfserver:8080/tfs/defaultcollection
		SccLocalPath0 = Pagemaster\\Dashboard\u0020-\u0020All\u0020Pages\\AllPagesPagemaster\\AllPagesCostco
		SccProvider0 = {4CA58AB2-18FA-4F8D-95D4-32DDF27D184C}
		SccProjectUniqueName1 = Pagemaster\\Dashboard\u0020-\u0020Campaign\\AllPagesCostco\\Campaign.csproj
		SccProjectName1 = Pagemaster/Dashboard\u0020-\u0020Campaign/AllPagesCostco
		SccAuxPath1 = http://tfserver:8080/tfs/defaultcollection
		SccLocalPath1 = Pagemaster\\Dashboard\u0020-\u0020Campaign\\AllPagesCostco
		SccProvider1 = {4CA58AB2-18FA-4F8D-95D4-32DDF27D184C}
		SccProjectUniqueName2 = Pagemaster\\Dashboard\u0020-\u0020Events\\AllPagesCostco\\Events.csproj
		SccProjectName2 = Pagemaster/Dashboard\u0020-\u0020Events/AllPagesCostco
		SccAuxPath2 = http://tfserver:8080/tfs/defaultcollection
		SccLocalPath2 = Pagemaster\\Dashboard\u0020-\u0020Events\\AllPagesCostco
		SccProvider2 = {4CA58AB2-18FA-4F8D-95D4-32DDF27D184C}
		SccProjectUniqueName3 = Pagemaster\\Dashboard\u0020-\u0020General\u0020Browser\u0020and\u0020OS\\SearchTerms\\AllPagesCostco\\BrowserOSGen.csproj
		SccProjectName3 = Pagemaster/Dashboard\u0020-\u0020General\u0020Browser\u0020and\u0020OS/SearchTerms/AllPagesCostco
		SccAuxPath3 = http://tfserver:8080/tfs/defaultcollection
		SccLocalPath3 = Pagemaster\\Dashboard\u0020-\u0020General\u0020Browser\u0020and\u0020OS\\SearchTerms\\AllPagesCostco
		SccProvider3 = {4CA58AB2-18FA-4F8D-95D4-32DDF27D184C}
		SccProjectUniqueName4 = Pagemaster\\Dashboard\u0020-\u0020Menu\u0020Behavior\\SearchTerms\\AllPagesCostco\\MenuBehavior.csproj
		SccProjectName4 = Pagemaster/Dashboard\u0020-\u0020Menu\u0020Behavior/SearchTerms/AllPagesCostco
		SccAuxPath4 = http://tfserver:8080/tfs/defaultcollection
		SccLocalPath4 = Pagemaster\\Dashboard\u0020-\u0020Menu\u0020Behavior\\SearchTerms\\AllPagesCostco
		SccProvider4 = {4CA58AB2-18FA-4F8D-95D4-32DDF27D184C}
		SccProjectUniqueName5 = Pagemaster\\Dashboard\u0020-\u0020Search\u0020Terms\\SearchTerms\\AllPagesCostco\\SearchTerms.csproj
		SccProjectName5 = Pagemaster/Dashboard\u0020-\u0020Search\u0020Terms/SearchTerms/AllPagesCostco
		SccAuxPath5 = http://tfserver:8080/tfs/defaultcollection
		SccLocalPath5 = Pagemaster\\Dashboard\u0020-\u0020Search\u0020Terms\\SearchTerms\\AllPagesCostco
		SccProvider5 = {4CA58AB2-18FA-4F8D-95D4-32DDF27D184C}
		SccProjectUniqueName6 = Pagemaster\\Dashboard\u0020-\u0020TodayTraffic\\Dashboard.csproj
		SccProjectName6 = Pagemaster/Dashboard\u0020-\u0020TodayTraffic
		SccAuxPath6 = http://tfserver:8080/tfs/defaultcollection
		SccLocalPath6 = Pagemaster\\Dashboard\u0020-\u0020TodayTraffic
		SccProvider6 = {4CA58AB2-18FA-4F8D-95D4-32DDF27D184C}
	EndGlobalSection
	GlobalSection(SolutionConfigurationPlatforms) = preSolution
		Debug|x86 = Debug|x86
		Release|x86 = Release|x86
	EndGlobalSection
	GlobalSection(ProjectConfigurationPlatforms) = postSolution
		{79CE55FA-60E1-4CFD-A7F1-98E2CC59260A}.Debug|x86.ActiveCfg = Debug|x86
		{79CE55FA-60E1-4CFD-A7F1-98E2CC59260A}.Debug|x86.Build.0 = Debug|x86
		{79CE55FA-60E1-4CFD-A7F1-98E2CC59260A}.Release|x86.ActiveCfg = Release|x86
		{79CE55FA-60E1-4CFD-A7F1-98E2CC59260A}.Release|x86.Build.0 = Release|x86
		{1A312682-04AE-4619-B013-1E761F5EF89E}.Debug|x86.ActiveCfg = Debug|x86
		{1A312682-04AE-4619-B013-1E761F5EF89E}.Debug|x86.Build.0 = Debug|x86
		{1A312682-04AE-4619-B013-1E761F5EF89E}.Release|x86.ActiveCfg = Release|x86
		{1A312682-04AE-4619-B013-1E761F5EF89E}.Release|x86.Build.0 = Release|x86
		{9E17F5AB-9F65-4AA7-A368-565E0EDCC82E}.Debug|x86.ActiveCfg = Debug|x86
		{9E17F5AB-9F65-4AA7-A368-565E0EDCC82E}.Debug|x86.Build.0 = Debug|x86
		{9E17F5AB-9F65-4AA7-A368-565E0EDCC82E}.Release|x86.ActiveCfg = Release|x86
		{9E17F5AB-9F65-4AA7-A368-565E0EDCC82E}.Release|x86.Build.0 = Release|x86
		{0AE3817F-5790-4923-B2C3-0FABCB173975}.Debug|x86.ActiveCfg = Debug|x86
		{0AE3817F-5790-4923-B2C3-0FABCB173975}.Debug|x86.Build.0 = Debug|x86
		{0AE3817F-5790-4923-B2C3-0FABCB173975}.Release|x86.ActiveCfg = Release|x86
		{0AE3817F-5790-4923-B2C3-0FABCB173975}.Release|x86.Build.0 = Release|x86
		{FD22F16E-3D85-49C3-BFE5-BBCA5733C4B9}.Debug|x86.ActiveCfg = Debug|x86
		{FD22F16E-3D85-49C3-BFE5-BBCA5733C4B9}.Debug|x86.Build.0 = Debug|x86
		{FD22F16E-3D85-49C3-BFE5-BBCA5733C4B9}.Release|x86.ActiveCfg = Release|x86
		{FD22F16E-3D85-49C3-BFE5-BBCA5733C4B9}.Release|x86.Build.0 = Release|x86
		{07785AF9-9BFA-48DB-BFE0-57E0E823AAB5}.Debug|x86.ActiveCfg = Debug|x86
		{07785AF9-9BFA-48DB-BFE0-57E0E823AAB5}.Debug|x86.Build.0 = Debug|x86
		{07785AF9-9BFA-48DB-BFE0-57E0E823AAB5}.Release|x86.ActiveCfg = Release|x86
		{07785AF9-9BFA-48DB-BFE0-57E0E823AAB5}.Release|x86.Build.0 = Release|x86
		{AECC3DFD-EAF9-4D22-AB62-9ED954C48E32}.Debug|x86.ActiveCfg = Debug|x86
		{AECC3DFD-EAF9-4D22-AB62-9ED954C48E32}.Debug|x86.Build.0 = Debug|x86
		{AECC3DFD-EAF9-4D22-AB62-9ED954C48E32}.Release|x86.ActiveCfg = Release|x86
		{AECC3DFD-EAF9-4D22-AB62-9ED954C48E32}.Release|x86.Build.0 = Release|x86
	EndGlobalSection
	GlobalSection(SolutionProperties) = preSolution
		HideSolutionNode = FALSE
	EndGlobalSection
EndGlobal
