
Microsoft Visual Studio Solution File, Format Version 10.00
# Visual Studio 2008
Project("{F14B399A-7131-4C87-9E4B-1186C45EF12D}") = "LoginAudit", "LoginAudit\LoginAudit.rptproj", "{6C871769-F168-44C5-827E-009F6466E44D}"
EndProject
Global
	GlobalSection(SolutionConfigurationPlatforms) = preSolution
		Debug|Default = Debug|Default
		DebugLocal|Default = DebugLocal|Default
		Release|Default = Release|Default
	EndGlobalSection
	GlobalSection(ProjectConfigurationPlatforms) = postSolution
		{6C871769-F168-44C5-827E-009F6466E44D}.Debug|Default.ActiveCfg = Debug
		{6C871769-F168-44C5-827E-009F6466E44D}.Debug|Default.Build.0 = DebugLocal
		{6C871769-F168-44C5-827E-009F6466E44D}.Debug|Default.Deploy.0 = DebugLocal
		{6C871769-F168-44C5-827E-009F6466E44D}.DebugLocal|Default.ActiveCfg = DebugLocal
		{6C871769-F168-44C5-827E-009F6466E44D}.DebugLocal|Default.Build.0 = DebugLocal
		{6C871769-F168-44C5-827E-009F6466E44D}.Release|Default.ActiveCfg = Release
		{6C871769-F168-44C5-827E-009F6466E44D}.Release|Default.Build.0 = Release
		{6C871769-F168-44C5-827E-009F6466E44D}.Release|Default.Deploy.0 = Release
	EndGlobalSection
	GlobalSection(SolutionProperties) = preSolution
		HideSolutionNode = FALSE
	EndGlobalSection
EndGlobal
