
Microsoft Visual Studio Solution File, Format Version 10.00
# Visual Studio 2008
Project("{F14B399A-7131-4C87-9E4B-1186C45EF12D}") = "Credit Auth Capture Info", "Credit Auth Capture Info\Credit Auth Capture Info.rptproj", "{E2B6F1EC-967C-486B-8F52-CC4A353FDABF}"
EndProject
Global
	GlobalSection(SolutionConfigurationPlatforms) = preSolution
		Debug|Default = Debug|Default
		DebugLocal|Default = DebugLocal|Default
		Release|Default = Release|Default
	EndGlobalSection
	GlobalSection(ProjectConfigurationPlatforms) = postSolution
		{E2B6F1EC-967C-486B-8F52-CC4A353FDABF}.Debug|Default.ActiveCfg = Debug
		{E2B6F1EC-967C-486B-8F52-CC4A353FDABF}.Debug|Default.Build.0 = DebugLocal
		{E2B6F1EC-967C-486B-8F52-CC4A353FDABF}.Debug|Default.Deploy.0 = DebugLocal
		{E2B6F1EC-967C-486B-8F52-CC4A353FDABF}.DebugLocal|Default.ActiveCfg = DebugLocal
		{E2B6F1EC-967C-486B-8F52-CC4A353FDABF}.DebugLocal|Default.Build.0 = DebugLocal
		{E2B6F1EC-967C-486B-8F52-CC4A353FDABF}.Release|Default.ActiveCfg = Release
		{E2B6F1EC-967C-486B-8F52-CC4A353FDABF}.Release|Default.Build.0 = Release
		{E2B6F1EC-967C-486B-8F52-CC4A353FDABF}.Release|Default.Deploy.0 = Release
	EndGlobalSection
	GlobalSection(SolutionProperties) = preSolution
		HideSolutionNode = FALSE
	EndGlobalSection
EndGlobal
